PODS:
  - measurement_kit (0.3.0-dev)

DEPENDENCIES:
  - measurement_kit (from `https://github.com/measurement-kit/measurement-kit.git`, branch `release/v0.3.0`)

EXTERNAL SOURCES:
  measurement_kit:
    :branch: release/v0.3.0
    :git: https://github.com/measurement-kit/measurement-kit.git

CHECKOUT OPTIONS:
  measurement_kit:
    :commit: 227979e9a629a5cff51e531fa8fcf573ec13308c
    :git: https://github.com/measurement-kit/measurement-kit.git

SPEC CHECKSUMS:
  measurement_kit: 4cb2f9bd1e5d56c92ba157359886174bbc700155

PODFILE CHECKSUM: 300677045f43dbe29ceead2fd149579fc2865e78

COCOAPODS: 1.0.1
