PODS:
  - measurement_kit (0.4.0-alpha)

DEPENDENCIES:
  - measurement_kit (from `https://github.com/measurement-kit/measurement-kit.git`, branch `stable`)

EXTERNAL SOURCES:
  measurement_kit:
    :branch: stable
    :git: https://github.com/measurement-kit/measurement-kit.git

CHECKOUT OPTIONS:
  measurement_kit:
    :commit: c96be1deb7e3e52efa3a74846a0e1ef6da5b2280
    :git: https://github.com/measurement-kit/measurement-kit.git

SPEC CHECKSUMS:
  measurement_kit: 02e47e4625e882c7a28ff6b7eae1c9752431e4c9

PODFILE CHECKSUM: 176473d7cc59f0d1e46ac301ef073c081070129d

COCOAPODS: 1.0.1
