// !$*UTF8*$!
{
	archiveVersion = 1;
	classes = {
	};
	objectVersion = 46;
	objects = {

/* Begin PBXBuildFile section */
		06306AC71D1AEE8D00A66C5D /* GeoIP.dat in Resources */ = {isa = PBXBuildFile; fileRef = 06306AC41D1AEE8D00A66C5D /* GeoIP.dat */; };
		06306AC81D1AEE8D00A66C5D /* GeoIPASNum.dat in Resources */ = {isa = PBXBuildFile; fileRef = 06306AC51D1AEE8D00A66C5D /* GeoIPASNum.dat */; };
		9E636EA922E2C880A4EF3173 /* libPods-measurement-kit-test.a in Frameworks */ = {isa = PBXBuildFile; fileRef = 6F0BDBAA2F75F2DBD2F5FF45 /* libPods-measurement-kit-test.a */; };
		EDBC90CA1CE341B700CC20CF /* main.m in Sources */ = {isa = PBXBuildFile; fileRef = EDBC90C91CE341B700CC20CF /* main.m */; };
		EDBC90CD1CE341B800CC20CF /* AppDelegate.m in Sources */ = {isa = PBXBuildFile; fileRef = EDBC90CC1CE341B800CC20CF /* AppDelegate.m */; };
		EDBC90D01CE341B800CC20CF /* ViewController.m in Sources */ = {isa = PBXBuildFile; fileRef = EDBC90CF1CE341B800CC20CF /* ViewController.m */; };
		EDBC90D31CE341B800CC20CF /* Main.storyboard in Resources */ = {isa = PBXBuildFile; fileRef = EDBC90D11CE341B800CC20CF /* Main.storyboard */; };
		EDBC90D51CE341B800CC20CF /* Assets.xcassets in Resources */ = {isa = PBXBuildFile; fileRef = EDBC90D41CE341B800CC20CF /* Assets.xcassets */; };
		EDBC90D81CE341B800CC20CF /* LaunchScreen.storyboard in Resources */ = {isa = PBXBuildFile; fileRef = EDBC90D61CE341B800CC20CF /* LaunchScreen.storyboard */; };
		EDBC90E11CE344A300CC20CF /* NetworkMeasurement.mm in Sources */ = {isa = PBXBuildFile; fileRef = EDBC90E01CE344A300CC20CF /* NetworkMeasurement.mm */; };
/* End PBXBuildFile section */

/* Begin PBXFileReference section */
		06306AC41D1AEE8D00A66C5D /* GeoIP.dat */ = {isa = PBXFileReference; lastKnownFileType = file; name = GeoIP.dat; path = Resources/GeoIP.dat; sourceTree = "<group>"; };
		06306AC51D1AEE8D00A66C5D /* GeoIPASNum.dat */ = {isa = PBXFileReference; lastKnownFileType = file; name = GeoIPASNum.dat; path = Resources/GeoIPASNum.dat; sourceTree = "<group>"; };
		18A83302BFD31D4EED7B84CB /* Pods-measurement-kit-test.release.xcconfig */ = {isa = PBXFileReference; includeInIndex = 1; lastKnownFileType = text.xcconfig; name = "Pods-measurement-kit-test.release.xcconfig"; path = "Pods/Target Support Files/Pods-measurement-kit-test/Pods-measurement-kit-test.release.xcconfig"; sourceTree = "<group>"; };
		6F0BDBAA2F75F2DBD2F5FF45 /* libPods-measurement-kit-test.a */ = {isa = PBXFileReference; explicitFileType = archive.ar; includeInIndex = 0; path = "libPods-measurement-kit-test.a"; sourceTree = BUILT_PRODUCTS_DIR; };
		BAFBC8B259658E8ABDF12353 /* Pods-measurement-kit-test.debug.xcconfig */ = {isa = PBXFileReference; includeInIndex = 1; lastKnownFileType = text.xcconfig; name = "Pods-measurement-kit-test.debug.xcconfig"; path = "Pods/Target Support Files/Pods-measurement-kit-test/Pods-measurement-kit-test.debug.xcconfig"; sourceTree = "<group>"; };
		EDBC90C51CE341B400CC20CF /* measurement-kit-test.app */ = {isa = PBXFileReference; explicitFileType = wrapper.application; includeInIndex = 0; path = "measurement-kit-test.app"; sourceTree = BUILT_PRODUCTS_DIR; };
		EDBC90C91CE341B700CC20CF /* main.m */ = {isa = PBXFileReference; lastKnownFileType = sourcecode.c.objc; path = main.m; sourceTree = "<group>"; };
		EDBC90CB1CE341B800CC20CF /* AppDelegate.h */ = {isa = PBXFileReference; lastKnownFileType = sourcecode.c.h; path = AppDelegate.h; sourceTree = "<group>"; };
		EDBC90CC1CE341B800CC20CF /* AppDelegate.m */ = {isa = PBXFileReference; lastKnownFileType = sourcecode.cpp.objcpp; path = AppDelegate.m; sourceTree = "<group>"; };
		EDBC90CE1CE341B800CC20CF /* ViewController.h */ = {isa = PBXFileReference; lastKnownFileType = sourcecode.c.h; path = ViewController.h; sourceTree = "<group>"; };
		EDBC90CF1CE341B800CC20CF /* ViewController.m */ = {isa = PBXFileReference; lastKnownFileType = sourcecode.c.objc; path = ViewController.m; sourceTree = "<group>"; };
		EDBC90D21CE341B800CC20CF /* Base */ = {isa = PBXFileReference; lastKnownFileType = file.storyboard; name = Base; path = Base.lproj/Main.storyboard; sourceTree = "<group>"; };
		EDBC90D41CE341B800CC20CF /* Assets.xcassets */ = {isa = PBXFileReference; lastKnownFileType = folder.assetcatalog; path = Assets.xcassets; sourceTree = "<group>"; };
		EDBC90D71CE341B800CC20CF /* Base */ = {isa = PBXFileReference; lastKnownFileType = file.storyboard; name = Base; path = Base.lproj/LaunchScreen.storyboard; sourceTree = "<group>"; };
		EDBC90D91CE341B800CC20CF /* Info.plist */ = {isa = PBXFileReference; lastKnownFileType = text.plist.xml; path = Info.plist; sourceTree = "<group>"; };
		EDBC90DF1CE344A300CC20CF /* NetworkMeasurement.h */ = {isa = PBXFileReference; fileEncoding = 4; lastKnownFileType = sourcecode.c.h; path = NetworkMeasurement.h; sourceTree = "<group>"; };
		EDBC90E01CE344A300CC20CF /* NetworkMeasurement.mm */ = {isa = PBXFileReference; fileEncoding = 4; lastKnownFileType = sourcecode.cpp.objcpp; path = NetworkMeasurement.mm; sourceTree = "<group>"; };
		EDBC90E21CE34B6E00CC20CF /* libresolv.9.tbd */ = {isa = PBXFileReference; lastKnownFileType = "sourcecode.text-based-dylib-definition"; name = libresolv.9.tbd; path = usr/lib/libresolv.9.tbd; sourceTree = SDKROOT; };
/* End PBXFileReference section */

/* Begin PBXFrameworksBuildPhase section */
		EDBC90C21CE341B400CC20CF /* Frameworks */ = {
			isa = PBXFrameworksBuildPhase;
			buildActionMask = 2147483647;
			files = (
				9E636EA922E2C880A4EF3173 /* libPods-measurement-kit-test.a in Frameworks */,
			);
			runOnlyForDeploymentPostprocessing = 0;
		};
/* End PBXFrameworksBuildPhase section */

/* Begin PBXGroup section */
		06B188D91D1A9C790068699D /* Resources */ = {
			isa = PBXGroup;
			children = (
				06306AC41D1AEE8D00A66C5D /* GeoIP.dat */,
				06306AC51D1AEE8D00A66C5D /* GeoIPASNum.dat */,
			);
			name = Resources;
			sourceTree = "<group>";
		};
		52E261AD69BADDA94EFB2EB3 /* Pods */ = {
			isa = PBXGroup;
			children = (
				BAFBC8B259658E8ABDF12353 /* Pods-measurement-kit-test.debug.xcconfig */,
				18A83302BFD31D4EED7B84CB /* Pods-measurement-kit-test.release.xcconfig */,
			);
			name = Pods;
			sourceTree = "<group>";
		};
		5CA3B24C6AC9D6376357B091 /* Frameworks */ = {
			isa = PBXGroup;
			children = (
				EDBC90E21CE34B6E00CC20CF /* libresolv.9.tbd */,
				6F0BDBAA2F75F2DBD2F5FF45 /* libPods-measurement-kit-test.a */,
			);
			name = Frameworks;
			sourceTree = "<group>";
		};
		EDBC90BC1CE341B400CC20CF = {
			isa = PBXGroup;
			children = (
				EDBC90C71CE341B700CC20CF /* measurement-kit-test */,
				EDBC90C61CE341B400CC20CF /* Products */,
				5CA3B24C6AC9D6376357B091 /* Frameworks */,
				52E261AD69BADDA94EFB2EB3 /* Pods */,
			);
			sourceTree = "<group>";
		};
		EDBC90C61CE341B400CC20CF /* Products */ = {
			isa = PBXGroup;
			children = (
				EDBC90C51CE341B400CC20CF /* measurement-kit-test.app */,
			);
			name = Products;
			sourceTree = "<group>";
		};
		EDBC90C71CE341B700CC20CF /* measurement-kit-test */ = {
			isa = PBXGroup;
			children = (
				06B188D91D1A9C790068699D /* Resources */,
				EDBC90CB1CE341B800CC20CF /* AppDelegate.h */,
				EDBC90CC1CE341B800CC20CF /* AppDelegate.m */,
				EDBC90CE1CE341B800CC20CF /* ViewController.h */,
				EDBC90CF1CE341B800CC20CF /* ViewController.m */,
				EDBC90DF1CE344A300CC20CF /* NetworkMeasurement.h */,
				EDBC90E01CE344A300CC20CF /* NetworkMeasurement.mm */,
				EDBC90D11CE341B800CC20CF /* Main.storyboard */,
				EDBC90D41CE341B800CC20CF /* Assets.xcassets */,
				EDBC90D61CE341B800CC20CF /* LaunchScreen.storyboard */,
				EDBC90D91CE341B800CC20CF /* Info.plist */,
				EDBC90C81CE341B700CC20CF /* Supporting Files */,
			);
			path = "measurement-kit-test";
			sourceTree = "<group>";
		};
		EDBC90C81CE341B700CC20CF /* Supporting Files */ = {
			isa = PBXGroup;
			children = (
				EDBC90C91CE341B700CC20CF /* main.m */,
			);
			name = "Supporting Files";
			sourceTree = "<group>";
		};
/* End PBXGroup section */

/* Begin PBXNativeTarget section */
		EDBC90C41CE341B400CC20CF /* measurement-kit-test */ = {
			isa = PBXNativeTarget;
			buildConfigurationList = EDBC90DC1CE341B800CC20CF /* Build configuration list for PBXNativeTarget "measurement-kit-test" */;
			buildPhases = (
				30307381262792361D514DAF /* [CP] Check Pods Manifest.lock */,
				EDBC90C11CE341B400CC20CF /* Sources */,
				EDBC90C21CE341B400CC20CF /* Frameworks */,
				EDBC90C31CE341B400CC20CF /* Resources */,
				2E9E7DA5DFDFEEA87E89028E /* [CP] Embed Pods Frameworks */,
				6A8A997BBD0C0C7988B479C2 /* [CP] Copy Pods Resources */,
			);
			buildRules = (
			);
			dependencies = (
			);
			name = "measurement-kit-test";
			productName = "measurement-kit-test";
			productReference = EDBC90C51CE341B400CC20CF /* measurement-kit-test.app */;
			productType = "com.apple.product-type.application";
		};
/* End PBXNativeTarget section */

/* Begin PBXProject section */
		EDBC90BD1CE341B400CC20CF /* Project object */ = {
			isa = PBXProject;
			attributes = {
				LastUpgradeCheck = 0810;
				ORGANIZATIONNAME = "Measurement kit";
				TargetAttributes = {
					EDBC90C41CE341B400CC20CF = {
						CreatedOnToolsVersion = 7.3.1;
						DevelopmentTeam = 5YRT8MW288;
					};
				};
			};
			buildConfigurationList = EDBC90C01CE341B400CC20CF /* Build configuration list for PBXProject "measurement-kit-test" */;
			compatibilityVersion = "Xcode 3.2";
			developmentRegion = English;
			hasScannedForEncodings = 0;
			knownRegions = (
				en,
				Base,
			);
			mainGroup = EDBC90BC1CE341B400CC20CF;
			productRefGroup = EDBC90C61CE341B400CC20CF /* Products */;
			projectDirPath = "";
			projectRoot = "";
			targets = (
				EDBC90C41CE341B400CC20CF /* measurement-kit-test */,
			);
		};
/* End PBXProject section */

/* Begin PBXResourcesBuildPhase section */
		EDBC90C31CE341B400CC20CF /* Resources */ = {
			isa = PBXResourcesBuildPhase;
			buildActionMask = 2147483647;
			files = (
				06306AC71D1AEE8D00A66C5D /* GeoIP.dat in Resources */,
				EDBC90D81CE341B800CC20CF /* LaunchScreen.storyboard in Resources */,
				06306AC81D1AEE8D00A66C5D /* GeoIPASNum.dat in Resources */,
				EDBC90D51CE341B800CC20CF /* Assets.xcassets in Resources */,
				EDBC90D31CE341B800CC20CF /* Main.storyboard in Resources */,
			);
			runOnlyForDeploymentPostprocessing = 0;
		};
/* End PBXResourcesBuildPhase section */

/* Begin PBXShellScriptBuildPhase section */
		2E9E7DA5DFDFEEA87E89028E /* [CP] Embed Pods Frameworks */ = {
			isa = PBXShellScriptBuildPhase;
			buildActionMask = 2147483647;
			files = (
			);
			inputPaths = (
			);
			name = "[CP] Embed Pods Frameworks";
			outputPaths = (
			);
			runOnlyForDeploymentPostprocessing = 0;
			shellPath = /bin/sh;
			shellScript = "\"${SRCROOT}/Pods/Target Support Files/Pods-measurement-kit-test/Pods-measurement-kit-test-frameworks.sh\"\n";
			showEnvVarsInLog = 0;
		};
		30307381262792361D514DAF /* [CP] Check Pods Manifest.lock */ = {
			isa = PBXShellScriptBuildPhase;
			buildActionMask = 2147483647;
			files = (
			);
			inputPaths = (
			);
			name = "[CP] Check Pods Manifest.lock";
			outputPaths = (
			);
			runOnlyForDeploymentPostprocessing = 0;
			shellPath = /bin/sh;
			shellScript = "diff \"${PODS_ROOT}/../Podfile.lock\" \"${PODS_ROOT}/Manifest.lock\" > /dev/null\nif [ $? != 0 ] ; then\n    # print error to STDERR\n    echo \"error: The sandbox is not in sync with the Podfile.lock. Run 'pod install' or update your CocoaPods installation.\" >&2\n    exit 1\nfi\n";
			showEnvVarsInLog = 0;
		};
		6A8A997BBD0C0C7988B479C2 /* [CP] Copy Pods Resources */ = {
			isa = PBXShellScriptBuildPhase;
			buildActionMask = 2147483647;
			files = (
			);
			inputPaths = (
			);
			name = "[CP] Copy Pods Resources";
			outputPaths = (
			);
			runOnlyForDeploymentPostprocessing = 0;
			shellPath = /bin/sh;
			shellScript = "\"${SRCROOT}/Pods/Target Support Files/Pods-measurement-kit-test/Pods-measurement-kit-test-resources.sh\"\n";
			showEnvVarsInLog = 0;
		};
/* End PBXShellScriptBuildPhase section */

/* Begin PBXSourcesBuildPhase section */
		EDBC90C11CE341B400CC20CF /* Sources */ = {
			isa = PBXSourcesBuildPhase;
			buildActionMask = 2147483647;
			files = (
				EDBC90D01CE341B800CC20CF /* ViewController.m in Sources */,
				EDBC90E11CE344A300CC20CF /* NetworkMeasurement.mm in Sources */,
				EDBC90CD1CE341B800CC20CF /* AppDelegate.m in Sources */,
				EDBC90CA1CE341B700CC20CF /* main.m in Sources */,
			);
			runOnlyForDeploymentPostprocessing = 0;
		};
/* End PBXSourcesBuildPhase section */

/* Begin PBXVariantGroup section */
		EDBC90D11CE341B800CC20CF /* Main.storyboard */ = {
			isa = PBXVariantGroup;
			children = (
				EDBC90D21CE341B800CC20CF /* Base */,
			);
			name = Main.storyboard;
			sourceTree = "<group>";
		};
		EDBC90D61CE341B800CC20CF /* LaunchScreen.storyboard */ = {
			isa = PBXVariantGroup;
			children = (
				EDBC90D71CE341B800CC20CF /* Base */,
			);
			name = LaunchScreen.storyboard;
			sourceTree = "<group>";
		};
/* End PBXVariantGroup section */

/* Begin XCBuildConfiguration section */
		EDBC90DA1CE341B800CC20CF /* Debug */ = {
			isa = XCBuildConfiguration;
			buildSettings = {
				ALWAYS_SEARCH_USER_PATHS = NO;
				CLANG_ANALYZER_NONNULL = YES;
				CLANG_CXX_LANGUAGE_STANDARD = "gnu++0x";
				CLANG_CXX_LIBRARY = "libc++";
				CLANG_ENABLE_MODULES = YES;
				CLANG_ENABLE_OBJC_ARC = YES;
				CLANG_WARN_BOOL_CONVERSION = YES;
				CLANG_WARN_CONSTANT_CONVERSION = YES;
				CLANG_WARN_DIRECT_OBJC_ISA_USAGE = YES_ERROR;
				CLANG_WARN_EMPTY_BODY = YES;
				CLANG_WARN_ENUM_CONVERSION = YES;
				CLANG_WARN_INFINITE_RECURSION = YES;
				CLANG_WARN_INT_CONVERSION = YES;
				CLANG_WARN_OBJC_ROOT_CLASS = YES_ERROR;
				CLANG_WARN_SUSPICIOUS_MOVE = YES;
				CLANG_WARN_UNREACHABLE_CODE = YES;
				CLANG_WARN__DUPLICATE_METHOD_MATCH = YES;
				CODE_SIGN_IDENTITY = "iPhone Distribution: Simone Basso (5YRT8MW288)";
				"CODE_SIGN_IDENTITY[sdk=iphoneos*]" = "iPhone Distribution: Simone Basso (5YRT8MW288)";
				COPY_PHASE_STRIP = NO;
				DEBUG_INFORMATION_FORMAT = dwarf;
				ENABLE_STRICT_OBJC_MSGSEND = YES;
				ENABLE_TESTABILITY = YES;
				GCC_C_LANGUAGE_STANDARD = gnu99;
				GCC_DYNAMIC_NO_PIC = NO;
				GCC_NO_COMMON_BLOCKS = YES;
				GCC_OPTIMIZATION_LEVEL = 0;
				GCC_PREPROCESSOR_DEFINITIONS = (
					"DEBUG=1",
					"$(inherited)",
				);
				GCC_WARN_64_TO_32_BIT_CONVERSION = YES;
				GCC_WARN_ABOUT_RETURN_TYPE = YES_ERROR;
				GCC_WARN_UNDECLARED_SELECTOR = YES;
				GCC_WARN_UNINITIALIZED_AUTOS = YES_AGGRESSIVE;
				GCC_WARN_UNUSED_FUNCTION = YES;
				GCC_WARN_UNUSED_VARIABLE = YES;
				IPHONEOS_DEPLOYMENT_TARGET = 9.3;
				MTL_ENABLE_DEBUG_INFO = YES;
				ONLY_ACTIVE_ARCH = YES;
				SDKROOT = iphoneos;
				TARGETED_DEVICE_FAMILY = "1,2";
			};
			name = Debug;
		};
		EDBC90DB1CE341B800CC20CF /* Release */ = {
			isa = XCBuildConfiguration;
			buildSettings = {
				ALWAYS_SEARCH_USER_PATHS = NO;
				CLANG_ANALYZER_NONNULL = YES;
				CLANG_CXX_LANGUAGE_STANDARD = "gnu++0x";
				CLANG_CXX_LIBRARY = "libc++";
				CLANG_ENABLE_MODULES = YES;
				CLANG_ENABLE_OBJC_ARC = YES;
				CLANG_WARN_BOOL_CONVERSION = YES;
				CLANG_WARN_CONSTANT_CONVERSION = YES;
				CLANG_WARN_DIRECT_OBJC_ISA_USAGE = YES_ERROR;
				CLANG_WARN_EMPTY_BODY = YES;
				CLANG_WARN_ENUM_CONVERSION = YES;
				CLANG_WARN_INFINITE_RECURSION = YES;
				CLANG_WARN_INT_CONVERSION = YES;
				CLANG_WARN_OBJC_ROOT_CLASS = YES_ERROR;
				CLANG_WARN_SUSPICIOUS_MOVE = YES;
				CLANG_WARN_UNREACHABLE_CODE = YES;
				CLANG_WARN__DUPLICATE_METHOD_MATCH = YES;
				CODE_SIGN_IDENTITY = "iPhone Distribution: Simone Basso (5YRT8MW288)";
				"CODE_SIGN_IDENTITY[sdk=*]" = "iPhone Distribution: Simone Basso (5YRT8MW288)";
				COPY_PHASE_STRIP = NO;
				DEBUG_INFORMATION_FORMAT = "dwarf-with-dsym";
				ENABLE_NS_ASSERTIONS = NO;
				ENABLE_STRICT_OBJC_MSGSEND = YES;
				GCC_C_LANGUAGE_STANDARD = gnu99;
				GCC_NO_COMMON_BLOCKS = YES;
				GCC_WARN_64_TO_32_BIT_CONVERSION = YES;
				GCC_WARN_ABOUT_RETURN_TYPE = YES_ERROR;
				GCC_WARN_UNDECLARED_SELECTOR = YES;
				GCC_WARN_UNINITIALIZED_AUTOS = YES_AGGRESSIVE;
				GCC_WARN_UNUSED_FUNCTION = YES;
				GCC_WARN_UNUSED_VARIABLE = YES;
				IPHONEOS_DEPLOYMENT_TARGET = 9.3;
				MTL_ENABLE_DEBUG_INFO = NO;
				SDKROOT = iphoneos;
				TARGETED_DEVICE_FAMILY = "1,2";
				VALIDATE_PRODUCT = YES;
			};
			name = Release;
		};
		EDBC90DD1CE341B800CC20CF /* Debug */ = {
			isa = XCBuildConfiguration;
			baseConfigurationReference = BAFBC8B259658E8ABDF12353 /* Pods-measurement-kit-test.debug.xcconfig */;
			buildSettings = {
				ASSETCATALOG_COMPILER_APPICON_NAME = AppIcon;
				CODE_SIGN_IDENTITY = "iPhone Developer";
				"CODE_SIGN_IDENTITY[sdk=iphoneos*]" = "iPhone Developer";
				ENABLE_BITCODE = NO;
				INFOPLIST_FILE = "measurement-kit-test/Info.plist";
				IPHONEOS_DEPLOYMENT_TARGET = 8.0;
				LD_RUNPATH_SEARCH_PATHS = "$(inherited) @executable_path/Frameworks";
				PRODUCT_BUNDLE_IDENTIFIER = org.openobservatory.mk.ios.BaseApp;
				PRODUCT_NAME = "$(TARGET_NAME)";
				PROVISIONING_PROFILE = "";
				TARGETED_DEVICE_FAMILY = "1,2";
			};
			name = Debug;
		};
		EDBC90DE1CE341B800CC20CF /* Release */ = {
			isa = XCBuildConfiguration;
			baseConfigurationReference = 18A83302BFD31D4EED7B84CB /* Pods-measurement-kit-test.release.xcconfig */;
			buildSettings = {
				ASSETCATALOG_COMPILER_APPICON_NAME = AppIcon;
				CODE_SIGN_IDENTITY = "iPhone Developer";
				"CODE_SIGN_IDENTITY[sdk=iphoneos*]" = "iPhone Developer";
				ENABLE_BITCODE = NO;
				INFOPLIST_FILE = "measurement-kit-test/Info.plist";
				IPHONEOS_DEPLOYMENT_TARGET = 8.0;
				LD_RUNPATH_SEARCH_PATHS = "$(inherited) @executable_path/Frameworks";
				PRODUCT_BUNDLE_IDENTIFIER = org.openobservatory.mk.ios.BaseApp;
				PRODUCT_NAME = "$(TARGET_NAME)";
				PROVISIONING_PROFILE = "";
				TARGETED_DEVICE_FAMILY = "1,2";
			};
			name = Release;
		};
/* End XCBuildConfiguration section */

/* Begin XCConfigurationList section */
		EDBC90C01CE341B400CC20CF /* Build configuration list for PBXProject "measurement-kit-test" */ = {
			isa = XCConfigurationList;
			buildConfigurations = (
				EDBC90DA1CE341B800CC20CF /* Debug */,
				EDBC90DB1CE341B800CC20CF /* Release */,
			);
			defaultConfigurationIsVisible = 0;
			defaultConfigurationName = Release;
		};
		EDBC90DC1CE341B800CC20CF /* Build configuration list for PBXNativeTarget "measurement-kit-test" */ = {
			isa = XCConfigurationList;
			buildConfigurations = (
				EDBC90DD1CE341B800CC20CF /* Debug */,
				EDBC90DE1CE341B800CC20CF /* Release */,
			);
			defaultConfigurationIsVisible = 0;
			defaultConfigurationName = Release;
		};
/* End XCConfigurationList section */
	};
	rootObject = EDBC90BD1CE341B400CC20CF /* Project object */;
}
